
Microsoft Visual Studio Solution File, Format Version 12.00
Project("{FAE04EC0-301F-11D3-BF4B-00C04F79EFBC}") = "BillShop", "BillShop\BillShop.csproj", "{D05109D9-BEBE-41F9-8FA8-AFEF0024F64D}"
EndProject
Project("{FAE04EC0-301F-11D3-BF4B-00C04F79EFBC}") = "BillShopTest", "BillShopTest\BillShopTest.csproj", "{F59F835E-DA52-4E2D-ABD2-C0991AC2A566}"
EndProject
Global
	GlobalSection(SolutionConfigurationPlatforms) = preSolution
		Debug|Any CPU = Debug|Any CPU
		Release|Any CPU = Release|Any CPU
	EndGlobalSection
	GlobalSection(ProjectConfigurationPlatforms) = postSolution
		{D05109D9-BEBE-41F9-8FA8-AFEF0024F64D}.Debug|Any CPU.ActiveCfg = Debug|Any CPU
		{D05109D9-BEBE-41F9-8FA8-AFEF0024F64D}.Debug|Any CPU.Build.0 = Debug|Any CPU
		{D05109D9-BEBE-41F9-8FA8-AFEF0024F64D}.Release|Any CPU.ActiveCfg = Release|Any CPU
		{D05109D9-BEBE-41F9-8FA8-AFEF0024F64D}.Release|Any CPU.Build.0 = Release|Any CPU
		{F59F835E-DA52-4E2D-ABD2-C0991AC2A566}.Debug|Any CPU.ActiveCfg = Debug|Any CPU
		{F59F835E-DA52-4E2D-ABD2-C0991AC2A566}.Debug|Any CPU.Build.0 = Debug|Any CPU
		{F59F835E-DA52-4E2D-ABD2-C0991AC2A566}.Release|Any CPU.ActiveCfg = Release|Any CPU
		{F59F835E-DA52-4E2D-ABD2-C0991AC2A566}.Release|Any CPU.Build.0 = Release|Any CPU
	EndGlobalSection
EndGlobal
